
Microsoft Visual Studio Solution File, Format Version 12.00
# Visual Studio Version 16
VisualStudioVersion = 16.0.31112.23
MinimumVisualStudioVersion = 10.0.40219.1
Project("{FAE04EC0-301F-11D3-BF4B-00C04F79EFBC}") = "DiscoFloor", "DiscoFloor\DiscoFloor.csproj", "{5E189A37-4518-4069-8DED-34F8C8455D68}"
EndProject
Global
	GlobalSection(SolutionConfigurationPlatforms) = preSolution
		Debug|x64 = Debug|x64
	EndGlobalSection
	GlobalSection(ProjectConfigurationPlatforms) = postSolution
		{5E189A37-4518-4069-8DED-34F8C8455D68}.Debug|x64.ActiveCfg = Debug|x64
		{5E189A37-4518-4069-8DED-34F8C8455D68}.Debug|x64.Build.0 = Debug|x64
	EndGlobalSection
	GlobalSection(SolutionProperties) = preSolution
		HideSolutionNode = FALSE
	EndGlobalSection
	GlobalSection(ExtensibilityGlobals) = postSolution
		SolutionGuid = {EAACD371-88AA-4956-B971-B0FCE8E89399}
	EndGlobalSection
EndGlobal
